
Microsoft Visual Studio Solution File, Format Version 12.00
# Visual Studio 15
VisualStudioVersion = 15.0.27130.0
MinimumVisualStudioVersion = 10.0.40219.1
Project("{FAE04EC0-301F-11D3-BF4B-00C04F79EFBC}") = "Trinca.Soccer.API", "Trinca.Soccer.API\Trinca.Soccer.API.csproj", "{1D94EF99-81C5-4378-BADB-FF7A7DDFA5AA}"
EndProject
Project("{FAE04EC0-301F-11D3-BF4B-00C04F79EFBC}") = "Trinca.Soccer.Services", "Trinca.Soccer.Services\Trinca.Soccer.Services.csproj", "{1AE1C526-4954-4853-8C4E-C7DDF042B6D9}"
EndProject
Project("{FAE04EC0-301F-11D3-BF4B-00C04F79EFBC}") = "Trinca.Soccer.Models", "Trinca.Soccer.Models\Trinca.Soccer.Models.csproj", "{4CF46CE3-C4A9-47B0-89E0-E080E63C70E7}"
EndProject
Project("{2150E333-8FDC-42A3-9474-1A3956D46DE8}") = "Mobile", "Mobile", "{CE9895C7-35F3-44B8-A470-2E96030526E4}"
EndProject
Project("{FAE04EC0-301F-11D3-BF4B-00C04F79EFBC}") = "Trinca.Soccer.App", "Trinca.Soccer.App\Trinca.Soccer.App\Trinca.Soccer.App.csproj", "{700BC319-66CE-455E-9680-20E4489062AE}"
EndProject
Project("{FAE04EC0-301F-11D3-BF4B-00C04F79EFBC}") = "Trinca.Soccer.App.Droid", "Trinca.Soccer.App\Trinca.Soccer.App.Droid\Trinca.Soccer.App.Droid.csproj", "{48285AE7-9CE6-4522-BF3E-2A923A1B147B}"
EndProject
Project("{FAE04EC0-301F-11D3-BF4B-00C04F79EFBC}") = "Trinca.Soccer.App.iOS", "Trinca.Soccer.App\Trinca.Soccer.App.iOS\Trinca.Soccer.App.iOS.csproj", "{965EDAF5-CED7-4C69-8298-8A5A824A083D}"
EndProject
Project("{FAE04EC0-301F-11D3-BF4B-00C04F79EFBC}") = "Trinca.Soccer.App.UWP", "Trinca.Soccer.App\Trinca.Soccer.App.UWP\Trinca.Soccer.App.UWP.csproj", "{41F252CF-15B4-4B7F-BB28-8DB6AA0FAB26}"
EndProject
Project("{2150E333-8FDC-42A3-9474-1A3956D46DE8}") = "Web", "Web", "{CF769A01-37CE-4166-9020-4C57F142A9C3}"
EndProject
Project("{2150E333-8FDC-42A3-9474-1A3956D46DE8}") = "Domain", "Domain", "{73B1DA9A-2A66-4FA0-AECB-C2D452C03822}"
EndProject
Project("{FAE04EC0-301F-11D3-BF4B-00C04F79EFBC}") = "Trinca.Soccer.Data", "Trinca.Soccer.Data\Trinca.Soccer.Data.csproj", "{31A01ED3-4F25-40CF-B795-0028D5E9AF47}"
EndProject
Project("{FAE04EC0-301F-11D3-BF4B-00C04F79EFBC}") = "Trinca.Soccer.IoC", "Trinca.Soccer.IoC\Trinca.Soccer.IoC.csproj", "{A05F40C2-46CE-490E-9BB1-0B0E504C7A84}"
EndProject
Global
	GlobalSection(SolutionConfigurationPlatforms) = preSolution
		Ad-Hoc|Any CPU = Ad-Hoc|Any CPU
		Ad-Hoc|ARM = Ad-Hoc|ARM
		Ad-Hoc|iPhone = Ad-Hoc|iPhone
		Ad-Hoc|iPhoneSimulator = Ad-Hoc|iPhoneSimulator
		Ad-Hoc|x64 = Ad-Hoc|x64
		Ad-Hoc|x86 = Ad-Hoc|x86
		AppStore|Any CPU = AppStore|Any CPU
		AppStore|ARM = AppStore|ARM
		AppStore|iPhone = AppStore|iPhone
		AppStore|iPhoneSimulator = AppStore|iPhoneSimulator
		AppStore|x64 = AppStore|x64
		AppStore|x86 = AppStore|x86
		Debug|Any CPU = Debug|Any CPU
		Debug|ARM = Debug|ARM
		Debug|iPhone = Debug|iPhone
		Debug|iPhoneSimulator = Debug|iPhoneSimulator
		Debug|x64 = Debug|x64
		Debug|x86 = Debug|x86
		Release|Any CPU = Release|Any CPU
		Release|ARM = Release|ARM
		Release|iPhone = Release|iPhone
		Release|iPhoneSimulator = Release|iPhoneSimulator
		Release|x64 = Release|x64
		Release|x86 = Release|x86
	EndGlobalSection
	GlobalSection(ProjectConfigurationPlatforms) = postSolution
		{1D94EF99-81C5-4378-BADB-FF7A7DDFA5AA}.Ad-Hoc|Any CPU.ActiveCfg = Release|Any CPU
		{1D94EF99-81C5-4378-BADB-FF7A7DDFA5AA}.Ad-Hoc|Any CPU.Build.0 = Release|Any CPU
		{1D94EF99-81C5-4378-BADB-FF7A7DDFA5AA}.Ad-Hoc|ARM.ActiveCfg = Release|Any CPU
		{1D94EF99-81C5-4378-BADB-FF7A7DDFA5AA}.Ad-Hoc|ARM.Build.0 = Release|Any CPU
		{1D94EF99-81C5-4378-BADB-FF7A7DDFA5AA}.Ad-Hoc|iPhone.ActiveCfg = Release|Any CPU
		{1D94EF99-81C5-4378-BADB-FF7A7DDFA5AA}.Ad-Hoc|iPhone.Build.0 = Release|Any CPU
		{1D94EF99-81C5-4378-BADB-FF7A7DDFA5AA}.Ad-Hoc|iPhoneSimulator.ActiveCfg = Release|Any CPU
		{1D94EF99-81C5-4378-BADB-FF7A7DDFA5AA}.Ad-Hoc|iPhoneSimulator.Build.0 = Release|Any CPU
		{1D94EF99-81C5-4378-BADB-FF7A7DDFA5AA}.Ad-Hoc|x64.ActiveCfg = Release|Any CPU
		{1D94EF99-81C5-4378-BADB-FF7A7DDFA5AA}.Ad-Hoc|x64.Build.0 = Release|Any CPU
		{1D94EF99-81C5-4378-BADB-FF7A7DDFA5AA}.Ad-Hoc|x86.ActiveCfg = Release|Any CPU
		{1D94EF99-81C5-4378-BADB-FF7A7DDFA5AA}.Ad-Hoc|x86.Build.0 = Release|Any CPU
		{1D94EF99-81C5-4378-BADB-FF7A7DDFA5AA}.AppStore|Any CPU.ActiveCfg = Release|Any CPU
		{1D94EF99-81C5-4378-BADB-FF7A7DDFA5AA}.AppStore|Any CPU.Build.0 = Release|Any CPU
		{1D94EF99-81C5-4378-BADB-FF7A7DDFA5AA}.AppStore|ARM.ActiveCfg = Release|Any CPU
		{1D94EF99-81C5-4378-BADB-FF7A7DDFA5AA}.AppStore|ARM.Build.0 = Release|Any CPU
		{1D94EF99-81C5-4378-BADB-FF7A7DDFA5AA}.AppStore|iPhone.ActiveCfg = Release|Any CPU
		{1D94EF99-81C5-4378-BADB-FF7A7DDFA5AA}.AppStore|iPhone.Build.0 = Release|Any CPU
		{1D94EF99-81C5-4378-BADB-FF7A7DDFA5AA}.AppStore|iPhoneSimulator.ActiveCfg = Release|Any CPU
		{1D94EF99-81C5-4378-BADB-FF7A7DDFA5AA}.AppStore|iPhoneSimulator.Build.0 = Release|Any CPU
		{1D94EF99-81C5-4378-BADB-FF7A7DDFA5AA}.AppStore|x64.ActiveCfg = Release|Any CPU
		{1D94EF99-81C5-4378-BADB-FF7A7DDFA5AA}.AppStore|x64.Build.0 = Release|Any CPU
		{1D94EF99-81C5-4378-BADB-FF7A7DDFA5AA}.AppStore|x86.ActiveCfg = Release|Any CPU
		{1D94EF99-81C5-4378-BADB-FF7A7DDFA5AA}.AppStore|x86.Build.0 = Release|Any CPU
		{1D94EF99-81C5-4378-BADB-FF7A7DDFA5AA}.Debug|Any CPU.ActiveCfg = Debug|Any CPU
		{1D94EF99-81C5-4378-BADB-FF7A7DDFA5AA}.Debug|Any CPU.Build.0 = Debug|Any CPU
		{1D94EF99-81C5-4378-BADB-FF7A7DDFA5AA}.Debug|ARM.ActiveCfg = Debug|Any CPU
		{1D94EF99-81C5-4378-BADB-FF7A7DDFA5AA}.Debug|ARM.Build.0 = Debug|Any CPU
		{1D94EF99-81C5-4378-BADB-FF7A7DDFA5AA}.Debug|iPhone.ActiveCfg = Debug|Any CPU
		{1D94EF99-81C5-4378-BADB-FF7A7DDFA5AA}.Debug|iPhone.Build.0 = Debug|Any CPU
		{1D94EF99-81C5-4378-BADB-FF7A7DDFA5AA}.Debug|iPhoneSimulator.ActiveCfg = Debug|Any CPU
		{1D94EF99-81C5-4378-BADB-FF7A7DDFA5AA}.Debug|iPhoneSimulator.Build.0 = Debug|Any CPU
		{1D94EF99-81C5-4378-BADB-FF7A7DDFA5AA}.Debug|x64.ActiveCfg = Debug|Any CPU
		{1D94EF99-81C5-4378-BADB-FF7A7DDFA5AA}.Debug|x64.Build.0 = Debug|Any CPU
		{1D94EF99-81C5-4378-BADB-FF7A7DDFA5AA}.Debug|x86.ActiveCfg = Debug|Any CPU
		{1D94EF99-81C5-4378-BADB-FF7A7DDFA5AA}.Debug|x86.Build.0 = Debug|Any CPU
		{1D94EF99-81C5-4378-BADB-FF7A7DDFA5AA}.Release|Any CPU.ActiveCfg = Release|Any CPU
		{1D94EF99-81C5-4378-BADB-FF7A7DDFA5AA}.Release|Any CPU.Build.0 = Release|Any CPU
		{1D94EF99-81C5-4378-BADB-FF7A7DDFA5AA}.Release|ARM.ActiveCfg = Release|Any CPU
		{1D94EF99-81C5-4378-BADB-FF7A7DDFA5AA}.Release|ARM.Build.0 = Release|Any CPU
		{1D94EF99-81C5-4378-BADB-FF7A7DDFA5AA}.Release|iPhone.ActiveCfg = Release|Any CPU
		{1D94EF99-81C5-4378-BADB-FF7A7DDFA5AA}.Release|iPhone.Build.0 = Release|Any CPU
		{1D94EF99-81C5-4378-BADB-FF7A7DDFA5AA}.Release|iPhoneSimulator.ActiveCfg = Release|Any CPU
		{1D94EF99-81C5-4378-BADB-FF7A7DDFA5AA}.Release|iPhoneSimulator.Build.0 = Release|Any CPU
		{1D94EF99-81C5-4378-BADB-FF7A7DDFA5AA}.Release|x64.ActiveCfg = Release|Any CPU
		{1D94EF99-81C5-4378-BADB-FF7A7DDFA5AA}.Release|x64.Build.0 = Release|Any CPU
		{1D94EF99-81C5-4378-BADB-FF7A7DDFA5AA}.Release|x86.ActiveCfg = Release|Any CPU
		{1D94EF99-81C5-4378-BADB-FF7A7DDFA5AA}.Release|x86.Build.0 = Release|Any CPU
		{1AE1C526-4954-4853-8C4E-C7DDF042B6D9}.Ad-Hoc|Any CPU.ActiveCfg = Release|Any CPU
		{1AE1C526-4954-4853-8C4E-C7DDF042B6D9}.Ad-Hoc|Any CPU.Build.0 = Release|Any CPU
		{1AE1C526-4954-4853-8C4E-C7DDF042B6D9}.Ad-Hoc|ARM.ActiveCfg = Release|Any CPU
		{1AE1C526-4954-4853-8C4E-C7DDF042B6D9}.Ad-Hoc|ARM.Build.0 = Release|Any CPU
		{1AE1C526-4954-4853-8C4E-C7DDF042B6D9}.Ad-Hoc|iPhone.ActiveCfg = Release|Any CPU
		{1AE1C526-4954-4853-8C4E-C7DDF042B6D9}.Ad-Hoc|iPhone.Build.0 = Release|Any CPU
		{1AE1C526-4954-4853-8C4E-C7DDF042B6D9}.Ad-Hoc|iPhoneSimulator.ActiveCfg = Release|Any CPU
		{1AE1C526-4954-4853-8C4E-C7DDF042B6D9}.Ad-Hoc|iPhoneSimulator.Build.0 = Release|Any CPU
		{1AE1C526-4954-4853-8C4E-C7DDF042B6D9}.Ad-Hoc|x64.ActiveCfg = Release|Any CPU
		{1AE1C526-4954-4853-8C4E-C7DDF042B6D9}.Ad-Hoc|x64.Build.0 = Release|Any CPU
		{1AE1C526-4954-4853-8C4E-C7DDF042B6D9}.Ad-Hoc|x86.ActiveCfg = Release|Any CPU
		{1AE1C526-4954-4853-8C4E-C7DDF042B6D9}.Ad-Hoc|x86.Build.0 = Release|Any CPU
		{1AE1C526-4954-4853-8C4E-C7DDF042B6D9}.AppStore|Any CPU.ActiveCfg = Release|Any CPU
		{1AE1C526-4954-4853-8C4E-C7DDF042B6D9}.AppStore|Any CPU.Build.0 = Release|Any CPU
		{1AE1C526-4954-4853-8C4E-C7DDF042B6D9}.AppStore|ARM.ActiveCfg = Release|Any CPU
		{1AE1C526-4954-4853-8C4E-C7DDF042B6D9}.AppStore|ARM.Build.0 = Release|Any CPU
		{1AE1C526-4954-4853-8C4E-C7DDF042B6D9}.AppStore|iPhone.ActiveCfg = Release|Any CPU
		{1AE1C526-4954-4853-8C4E-C7DDF042B6D9}.AppStore|iPhone.Build.0 = Release|Any CPU
		{1AE1C526-4954-4853-8C4E-C7DDF042B6D9}.AppStore|iPhoneSimulator.ActiveCfg = Release|Any CPU
		{1AE1C526-4954-4853-8C4E-C7DDF042B6D9}.AppStore|iPhoneSimulator.Build.0 = Release|Any CPU
		{1AE1C526-4954-4853-8C4E-C7DDF042B6D9}.AppStore|x64.ActiveCfg = Release|Any CPU
		{1AE1C526-4954-4853-8C4E-C7DDF042B6D9}.AppStore|x64.Build.0 = Release|Any CPU
		{1AE1C526-4954-4853-8C4E-C7DDF042B6D9}.AppStore|x86.ActiveCfg = Release|Any CPU
		{1AE1C526-4954-4853-8C4E-C7DDF042B6D9}.AppStore|x86.Build.0 = Release|Any CPU
		{1AE1C526-4954-4853-8C4E-C7DDF042B6D9}.Debug|Any CPU.ActiveCfg = Debug|Any CPU
		{1AE1C526-4954-4853-8C4E-C7DDF042B6D9}.Debug|Any CPU.Build.0 = Debug|Any CPU
		{1AE1C526-4954-4853-8C4E-C7DDF042B6D9}.Debug|ARM.ActiveCfg = Debug|Any CPU
		{1AE1C526-4954-4853-8C4E-C7DDF042B6D9}.Debug|ARM.Build.0 = Debug|Any CPU
		{1AE1C526-4954-4853-8C4E-C7DDF042B6D9}.Debug|iPhone.ActiveCfg = Debug|Any CPU
		{1AE1C526-4954-4853-8C4E-C7DDF042B6D9}.Debug|iPhone.Build.0 = Debug|Any CPU
		{1AE1C526-4954-4853-8C4E-C7DDF042B6D9}.Debug|iPhoneSimulator.ActiveCfg = Debug|Any CPU
		{1AE1C526-4954-4853-8C4E-C7DDF042B6D9}.Debug|iPhoneSimulator.Build.0 = Debug|Any CPU
		{1AE1C526-4954-4853-8C4E-C7DDF042B6D9}.Debug|x64.ActiveCfg = Debug|Any CPU
		{1AE1C526-4954-4853-8C4E-C7DDF042B6D9}.Debug|x64.Build.0 = Debug|Any CPU
		{1AE1C526-4954-4853-8C4E-C7DDF042B6D9}.Debug|x86.ActiveCfg = Debug|Any CPU
		{1AE1C526-4954-4853-8C4E-C7DDF042B6D9}.Debug|x86.Build.0 = Debug|Any CPU
		{1AE1C526-4954-4853-8C4E-C7DDF042B6D9}.Release|Any CPU.ActiveCfg = Release|Any CPU
		{1AE1C526-4954-4853-8C4E-C7DDF042B6D9}.Release|Any CPU.Build.0 = Release|Any CPU
		{1AE1C526-4954-4853-8C4E-C7DDF042B6D9}.Release|ARM.ActiveCfg = Release|Any CPU
		{1AE1C526-4954-4853-8C4E-C7DDF042B6D9}.Release|ARM.Build.0 = Release|Any CPU
		{1AE1C526-4954-4853-8C4E-C7DDF042B6D9}.Release|iPhone.ActiveCfg = Release|Any CPU
		{1AE1C526-4954-4853-8C4E-C7DDF042B6D9}.Release|iPhone.Build.0 = Release|Any CPU
		{1AE1C526-4954-4853-8C4E-C7DDF042B6D9}.Release|iPhoneSimulator.ActiveCfg = Release|Any CPU
		{1AE1C526-4954-4853-8C4E-C7DDF042B6D9}.Release|iPhoneSimulator.Build.0 = Release|Any CPU
		{1AE1C526-4954-4853-8C4E-C7DDF042B6D9}.Release|x64.ActiveCfg = Release|Any CPU
		{1AE1C526-4954-4853-8C4E-C7DDF042B6D9}.Release|x64.Build.0 = Release|Any CPU
		{1AE1C526-4954-4853-8C4E-C7DDF042B6D9}.Release|x86.ActiveCfg = Release|Any CPU
		{1AE1C526-4954-4853-8C4E-C7DDF042B6D9}.Release|x86.Build.0 = Release|Any CPU
		{4CF46CE3-C4A9-47B0-89E0-E080E63C70E7}.Ad-Hoc|Any CPU.ActiveCfg = Release|Any CPU
		{4CF46CE3-C4A9-47B0-89E0-E080E63C70E7}.Ad-Hoc|Any CPU.Build.0 = Release|Any CPU
		{4CF46CE3-C4A9-47B0-89E0-E080E63C70E7}.Ad-Hoc|ARM.ActiveCfg = Release|Any CPU
		{4CF46CE3-C4A9-47B0-89E0-E080E63C70E7}.Ad-Hoc|ARM.Build.0 = Release|Any CPU
		{4CF46CE3-C4A9-47B0-89E0-E080E63C70E7}.Ad-Hoc|iPhone.ActiveCfg = Release|Any CPU
		{4CF46CE3-C4A9-47B0-89E0-E080E63C70E7}.Ad-Hoc|iPhone.Build.0 = Release|Any CPU
		{4CF46CE3-C4A9-47B0-89E0-E080E63C70E7}.Ad-Hoc|iPhoneSimulator.ActiveCfg = Release|Any CPU
		{4CF46CE3-C4A9-47B0-89E0-E080E63C70E7}.Ad-Hoc|iPhoneSimulator.Build.0 = Release|Any CPU
		{4CF46CE3-C4A9-47B0-89E0-E080E63C70E7}.Ad-Hoc|x64.ActiveCfg = Release|Any CPU
		{4CF46CE3-C4A9-47B0-89E0-E080E63C70E7}.Ad-Hoc|x64.Build.0 = Release|Any CPU
		{4CF46CE3-C4A9-47B0-89E0-E080E63C70E7}.Ad-Hoc|x86.ActiveCfg = Release|Any CPU
		{4CF46CE3-C4A9-47B0-89E0-E080E63C70E7}.Ad-Hoc|x86.Build.0 = Release|Any CPU
		{4CF46CE3-C4A9-47B0-89E0-E080E63C70E7}.AppStore|Any CPU.ActiveCfg = Release|Any CPU
		{4CF46CE3-C4A9-47B0-89E0-E080E63C70E7}.AppStore|Any CPU.Build.0 = Release|Any CPU
		{4CF46CE3-C4A9-47B0-89E0-E080E63C70E7}.AppStore|ARM.ActiveCfg = Release|Any CPU
		{4CF46CE3-C4A9-47B0-89E0-E080E63C70E7}.AppStore|ARM.Build.0 = Release|Any CPU
		{4CF46CE3-C4A9-47B0-89E0-E080E63C70E7}.AppStore|iPhone.ActiveCfg = Release|Any CPU
		{4CF46CE3-C4A9-47B0-89E0-E080E63C70E7}.AppStore|iPhone.Build.0 = Release|Any CPU
		{4CF46CE3-C4A9-47B0-89E0-E080E63C70E7}.AppStore|iPhoneSimulator.ActiveCfg = Release|Any CPU
		{4CF46CE3-C4A9-47B0-89E0-E080E63C70E7}.AppStore|iPhoneSimulator.Build.0 = Release|Any CPU
		{4CF46CE3-C4A9-47B0-89E0-E080E63C70E7}.AppStore|x64.ActiveCfg = Release|Any CPU
		{4CF46CE3-C4A9-47B0-89E0-E080E63C70E7}.AppStore|x64.Build.0 = Release|Any CPU
		{4CF46CE3-C4A9-47B0-89E0-E080E63C70E7}.AppStore|x86.ActiveCfg = Release|Any CPU
		{4CF46CE3-C4A9-47B0-89E0-E080E63C70E7}.AppStore|x86.Build.0 = Release|Any CPU
		{4CF46CE3-C4A9-47B0-89E0-E080E63C70E7}.Debug|Any CPU.ActiveCfg = Debug|Any CPU
		{4CF46CE3-C4A9-47B0-89E0-E080E63C70E7}.Debug|Any CPU.Build.0 = Debug|Any CPU
		{4CF46CE3-C4A9-47B0-89E0-E080E63C70E7}.Debug|ARM.ActiveCfg = Debug|Any CPU
		{4CF46CE3-C4A9-47B0-89E0-E080E63C70E7}.Debug|ARM.Build.0 = Debug|Any CPU
		{4CF46CE3-C4A9-47B0-89E0-E080E63C70E7}.Debug|iPhone.ActiveCfg = Debug|Any CPU
		{4CF46CE3-C4A9-47B0-89E0-E080E63C70E7}.Debug|iPhone.Build.0 = Debug|Any CPU
		{4CF46CE3-C4A9-47B0-89E0-E080E63C70E7}.Debug|iPhoneSimulator.ActiveCfg = Debug|Any CPU
		{4CF46CE3-C4A9-47B0-89E0-E080E63C70E7}.Debug|iPhoneSimulator.Build.0 = Debug|Any CPU
		{4CF46CE3-C4A9-47B0-89E0-E080E63C70E7}.Debug|x64.ActiveCfg = Debug|Any CPU
		{4CF46CE3-C4A9-47B0-89E0-E080E63C70E7}.Debug|x64.Build.0 = Debug|Any CPU
		{4CF46CE3-C4A9-47B0-89E0-E080E63C70E7}.Debug|x86.ActiveCfg = Debug|Any CPU
		{4CF46CE3-C4A9-47B0-89E0-E080E63C70E7}.Debug|x86.Build.0 = Debug|Any CPU
		{4CF46CE3-C4A9-47B0-89E0-E080E63C70E7}.Release|Any CPU.ActiveCfg = Release|Any CPU
		{4CF46CE3-C4A9-47B0-89E0-E080E63C70E7}.Release|Any CPU.Build.0 = Release|Any CPU
		{4CF46CE3-C4A9-47B0-89E0-E080E63C70E7}.Release|ARM.ActiveCfg = Release|Any CPU
		{4CF46CE3-C4A9-47B0-89E0-E080E63C70E7}.Release|ARM.Build.0 = Release|Any CPU
		{4CF46CE3-C4A9-47B0-89E0-E080E63C70E7}.Release|iPhone.ActiveCfg = Release|Any CPU
		{4CF46CE3-C4A9-47B0-89E0-E080E63C70E7}.Release|iPhone.Build.0 = Release|Any CPU
		{4CF46CE3-C4A9-47B0-89E0-E080E63C70E7}.Release|iPhoneSimulator.ActiveCfg = Release|Any CPU
		{4CF46CE3-C4A9-47B0-89E0-E080E63C70E7}.Release|iPhoneSimulator.Build.0 = Release|Any CPU
		{4CF46CE3-C4A9-47B0-89E0-E080E63C70E7}.Release|x64.ActiveCfg = Release|Any CPU
		{4CF46CE3-C4A9-47B0-89E0-E080E63C70E7}.Release|x64.Build.0 = Release|Any CPU
		{4CF46CE3-C4A9-47B0-89E0-E080E63C70E7}.Release|x86.ActiveCfg = Release|Any CPU
		{4CF46CE3-C4A9-47B0-89E0-E080E63C70E7}.Release|x86.Build.0 = Release|Any CPU
		{700BC319-66CE-455E-9680-20E4489062AE}.Ad-Hoc|Any CPU.ActiveCfg = Release|Any CPU
		{700BC319-66CE-455E-9680-20E4489062AE}.Ad-Hoc|Any CPU.Build.0 = Release|Any CPU
		{700BC319-66CE-455E-9680-20E4489062AE}.Ad-Hoc|ARM.ActiveCfg = Release|Any CPU
		{700BC319-66CE-455E-9680-20E4489062AE}.Ad-Hoc|ARM.Build.0 = Release|Any CPU
		{700BC319-66CE-455E-9680-20E4489062AE}.Ad-Hoc|iPhone.ActiveCfg = Release|Any CPU
		{700BC319-66CE-455E-9680-20E4489062AE}.Ad-Hoc|iPhone.Build.0 = Release|Any CPU
		{700BC319-66CE-455E-9680-20E4489062AE}.Ad-Hoc|iPhoneSimulator.ActiveCfg = Release|Any CPU
		{700BC319-66CE-455E-9680-20E4489062AE}.Ad-Hoc|iPhoneSimulator.Build.0 = Release|Any CPU
		{700BC319-66CE-455E-9680-20E4489062AE}.Ad-Hoc|x64.ActiveCfg = Release|Any CPU
		{700BC319-66CE-455E-9680-20E4489062AE}.Ad-Hoc|x64.Build.0 = Release|Any CPU
		{700BC319-66CE-455E-9680-20E4489062AE}.Ad-Hoc|x86.ActiveCfg = Release|Any CPU
		{700BC319-66CE-455E-9680-20E4489062AE}.Ad-Hoc|x86.Build.0 = Release|Any CPU
		{700BC319-66CE-455E-9680-20E4489062AE}.AppStore|Any CPU.ActiveCfg = Release|Any CPU
		{700BC319-66CE-455E-9680-20E4489062AE}.AppStore|Any CPU.Build.0 = Release|Any CPU
		{700BC319-66CE-455E-9680-20E4489062AE}.AppStore|ARM.ActiveCfg = Release|Any CPU
		{700BC319-66CE-455E-9680-20E4489062AE}.AppStore|ARM.Build.0 = Release|Any CPU
		{700BC319-66CE-455E-9680-20E4489062AE}.AppStore|iPhone.ActiveCfg = Release|Any CPU
		{700BC319-66CE-455E-9680-20E4489062AE}.AppStore|iPhone.Build.0 = Release|Any CPU
		{700BC319-66CE-455E-9680-20E4489062AE}.AppStore|iPhoneSimulator.ActiveCfg = Release|Any CPU
		{700BC319-66CE-455E-9680-20E4489062AE}.AppStore|iPhoneSimulator.Build.0 = Release|Any CPU
		{700BC319-66CE-455E-9680-20E4489062AE}.AppStore|x64.ActiveCfg = Release|Any CPU
		{700BC319-66CE-455E-9680-20E4489062AE}.AppStore|x64.Build.0 = Release|Any CPU
		{700BC319-66CE-455E-9680-20E4489062AE}.AppStore|x86.ActiveCfg = Release|Any CPU
		{700BC319-66CE-455E-9680-20E4489062AE}.AppStore|x86.Build.0 = Release|Any CPU
		{700BC319-66CE-455E-9680-20E4489062AE}.Debug|Any CPU.ActiveCfg = Debug|Any CPU
		{700BC319-66CE-455E-9680-20E4489062AE}.Debug|Any CPU.Build.0 = Debug|Any CPU
		{700BC319-66CE-455E-9680-20E4489062AE}.Debug|ARM.ActiveCfg = Debug|Any CPU
		{700BC319-66CE-455E-9680-20E4489062AE}.Debug|ARM.Build.0 = Debug|Any CPU
		{700BC319-66CE-455E-9680-20E4489062AE}.Debug|iPhone.ActiveCfg = Debug|Any CPU
		{700BC319-66CE-455E-9680-20E4489062AE}.Debug|iPhone.Build.0 = Debug|Any CPU
		{700BC319-66CE-455E-9680-20E4489062AE}.Debug|iPhoneSimulator.ActiveCfg = Debug|Any CPU
		{700BC319-66CE-455E-9680-20E4489062AE}.Debug|iPhoneSimulator.Build.0 = Debug|Any CPU
		{700BC319-66CE-455E-9680-20E4489062AE}.Debug|x64.ActiveCfg = Debug|Any CPU
		{700BC319-66CE-455E-9680-20E4489062AE}.Debug|x64.Build.0 = Debug|Any CPU
		{700BC319-66CE-455E-9680-20E4489062AE}.Debug|x86.ActiveCfg = Debug|Any CPU
		{700BC319-66CE-455E-9680-20E4489062AE}.Debug|x86.Build.0 = Debug|Any CPU
		{700BC319-66CE-455E-9680-20E4489062AE}.Release|Any CPU.ActiveCfg = Release|Any CPU
		{700BC319-66CE-455E-9680-20E4489062AE}.Release|Any CPU.Build.0 = Release|Any CPU
		{700BC319-66CE-455E-9680-20E4489062AE}.Release|ARM.ActiveCfg = Release|Any CPU
		{700BC319-66CE-455E-9680-20E4489062AE}.Release|ARM.Build.0 = Release|Any CPU
		{700BC319-66CE-455E-9680-20E4489062AE}.Release|iPhone.ActiveCfg = Release|Any CPU
		{700BC319-66CE-455E-9680-20E4489062AE}.Release|iPhone.Build.0 = Release|Any CPU
		{700BC319-66CE-455E-9680-20E4489062AE}.Release|iPhoneSimulator.ActiveCfg = Release|Any CPU
		{700BC319-66CE-455E-9680-20E4489062AE}.Release|iPhoneSimulator.Build.0 = Release|Any CPU
		{700BC319-66CE-455E-9680-20E4489062AE}.Release|x64.ActiveCfg = Release|Any CPU
		{700BC319-66CE-455E-9680-20E4489062AE}.Release|x64.Build.0 = Release|Any CPU
		{700BC319-66CE-455E-9680-20E4489062AE}.Release|x86.ActiveCfg = Release|Any CPU
		{700BC319-66CE-455E-9680-20E4489062AE}.Release|x86.Build.0 = Release|Any CPU
		{48285AE7-9CE6-4522-BF3E-2A923A1B147B}.Ad-Hoc|Any CPU.ActiveCfg = Release|Any CPU
		{48285AE7-9CE6-4522-BF3E-2A923A1B147B}.Ad-Hoc|Any CPU.Build.0 = Release|Any CPU
		{48285AE7-9CE6-4522-BF3E-2A923A1B147B}.Ad-Hoc|Any CPU.Deploy.0 = Release|Any CPU
		{48285AE7-9CE6-4522-BF3E-2A923A1B147B}.Ad-Hoc|ARM.ActiveCfg = Release|Any CPU
		{48285AE7-9CE6-4522-BF3E-2A923A1B147B}.Ad-Hoc|ARM.Build.0 = Release|Any CPU
		{48285AE7-9CE6-4522-BF3E-2A923A1B147B}.Ad-Hoc|ARM.Deploy.0 = Release|Any CPU
		{48285AE7-9CE6-4522-BF3E-2A923A1B147B}.Ad-Hoc|iPhone.ActiveCfg = Release|Any CPU
		{48285AE7-9CE6-4522-BF3E-2A923A1B147B}.Ad-Hoc|iPhone.Build.0 = Release|Any CPU
		{48285AE7-9CE6-4522-BF3E-2A923A1B147B}.Ad-Hoc|iPhone.Deploy.0 = Release|Any CPU
		{48285AE7-9CE6-4522-BF3E-2A923A1B147B}.Ad-Hoc|iPhoneSimulator.ActiveCfg = Release|Any CPU
		{48285AE7-9CE6-4522-BF3E-2A923A1B147B}.Ad-Hoc|iPhoneSimulator.Build.0 = Release|Any CPU
		{48285AE7-9CE6-4522-BF3E-2A923A1B147B}.Ad-Hoc|iPhoneSimulator.Deploy.0 = Release|Any CPU
		{48285AE7-9CE6-4522-BF3E-2A923A1B147B}.Ad-Hoc|x64.ActiveCfg = Release|Any CPU
		{48285AE7-9CE6-4522-BF3E-2A923A1B147B}.Ad-Hoc|x64.Build.0 = Release|Any CPU
		{48285AE7-9CE6-4522-BF3E-2A923A1B147B}.Ad-Hoc|x64.Deploy.0 = Release|Any CPU
		{48285AE7-9CE6-4522-BF3E-2A923A1B147B}.Ad-Hoc|x86.ActiveCfg = Release|Any CPU
		{48285AE7-9CE6-4522-BF3E-2A923A1B147B}.Ad-Hoc|x86.Build.0 = Release|Any CPU
		{48285AE7-9CE6-4522-BF3E-2A923A1B147B}.Ad-Hoc|x86.Deploy.0 = Release|Any CPU
		{48285AE7-9CE6-4522-BF3E-2A923A1B147B}.AppStore|Any CPU.ActiveCfg = Release|Any CPU
		{48285AE7-9CE6-4522-BF3E-2A923A1B147B}.AppStore|Any CPU.Build.0 = Release|Any CPU
		{48285AE7-9CE6-4522-BF3E-2A923A1B147B}.AppStore|Any CPU.Deploy.0 = Release|Any CPU
		{48285AE7-9CE6-4522-BF3E-2A923A1B147B}.AppStore|ARM.ActiveCfg = Release|Any CPU
		{48285AE7-9CE6-4522-BF3E-2A923A1B147B}.AppStore|ARM.Build.0 = Release|Any CPU
		{48285AE7-9CE6-4522-BF3E-2A923A1B147B}.AppStore|ARM.Deploy.0 = Release|Any CPU
		{48285AE7-9CE6-4522-BF3E-2A923A1B147B}.AppStore|iPhone.ActiveCfg = Release|Any CPU
		{48285AE7-9CE6-4522-BF3E-2A923A1B147B}.AppStore|iPhone.Build.0 = Release|Any CPU
		{48285AE7-9CE6-4522-BF3E-2A923A1B147B}.AppStore|iPhone.Deploy.0 = Release|Any CPU
		{48285AE7-9CE6-4522-BF3E-2A923A1B147B}.AppStore|iPhoneSimulator.ActiveCfg = Release|Any CPU
		{48285AE7-9CE6-4522-BF3E-2A923A1B147B}.AppStore|iPhoneSimulator.Build.0 = Release|Any CPU
		{48285AE7-9CE6-4522-BF3E-2A923A1B147B}.AppStore|iPhoneSimulator.Deploy.0 = Release|Any CPU
		{48285AE7-9CE6-4522-BF3E-2A923A1B147B}.AppStore|x64.ActiveCfg = Release|Any CPU
		{48285AE7-9CE6-4522-BF3E-2A923A1B147B}.AppStore|x64.Build.0 = Release|Any CPU
		{48285AE7-9CE6-4522-BF3E-2A923A1B147B}.AppStore|x64.Deploy.0 = Release|Any CPU
		{48285AE7-9CE6-4522-BF3E-2A923A1B147B}.AppStore|x86.ActiveCfg = Release|Any CPU
		{48285AE7-9CE6-4522-BF3E-2A923A1B147B}.AppStore|x86.Build.0 = Release|Any CPU
		{48285AE7-9CE6-4522-BF3E-2A923A1B147B}.AppStore|x86.Deploy.0 = Release|Any CPU
		{48285AE7-9CE6-4522-BF3E-2A923A1B147B}.Debug|Any CPU.ActiveCfg = Debug|Any CPU
		{48285AE7-9CE6-4522-BF3E-2A923A1B147B}.Debug|Any CPU.Build.0 = Debug|Any CPU
		{48285AE7-9CE6-4522-BF3E-2A923A1B147B}.Debug|Any CPU.Deploy.0 = Debug|Any CPU
		{48285AE7-9CE6-4522-BF3E-2A923A1B147B}.Debug|ARM.ActiveCfg = Debug|Any CPU
		{48285AE7-9CE6-4522-BF3E-2A923A1B147B}.Debug|ARM.Build.0 = Debug|Any CPU
		{48285AE7-9CE6-4522-BF3E-2A923A1B147B}.Debug|ARM.Deploy.0 = Debug|Any CPU
		{48285AE7-9CE6-4522-BF3E-2A923A1B147B}.Debug|iPhone.ActiveCfg = Debug|Any CPU
		{48285AE7-9CE6-4522-BF3E-2A923A1B147B}.Debug|iPhone.Build.0 = Debug|Any CPU
		{48285AE7-9CE6-4522-BF3E-2A923A1B147B}.Debug|iPhone.Deploy.0 = Debug|Any CPU
		{48285AE7-9CE6-4522-BF3E-2A923A1B147B}.Debug|iPhoneSimulator.ActiveCfg = Debug|Any CPU
		{48285AE7-9CE6-4522-BF3E-2A923A1B147B}.Debug|iPhoneSimulator.Build.0 = Debug|Any CPU
		{48285AE7-9CE6-4522-BF3E-2A923A1B147B}.Debug|iPhoneSimulator.Deploy.0 = Debug|Any CPU
		{48285AE7-9CE6-4522-BF3E-2A923A1B147B}.Debug|x64.ActiveCfg = Debug|Any CPU
		{48285AE7-9CE6-4522-BF3E-2A923A1B147B}.Debug|x64.Build.0 = Debug|Any CPU
		{48285AE7-9CE6-4522-BF3E-2A923A1B147B}.Debug|x64.Deploy.0 = Debug|Any CPU
		{48285AE7-9CE6-4522-BF3E-2A923A1B147B}.Debug|x86.ActiveCfg = Debug|Any CPU
		{48285AE7-9CE6-4522-BF3E-2A923A1B147B}.Debug|x86.Build.0 = Debug|Any CPU
		{48285AE7-9CE6-4522-BF3E-2A923A1B147B}.Debug|x86.Deploy.0 = Debug|Any CPU
		{48285AE7-9CE6-4522-BF3E-2A923A1B147B}.Release|Any CPU.ActiveCfg = Release|Any CPU
		{48285AE7-9CE6-4522-BF3E-2A923A1B147B}.Release|Any CPU.Build.0 = Release|Any CPU
		{48285AE7-9CE6-4522-BF3E-2A923A1B147B}.Release|Any CPU.Deploy.0 = Release|Any CPU
		{48285AE7-9CE6-4522-BF3E-2A923A1B147B}.Release|ARM.ActiveCfg = Release|Any CPU
		{48285AE7-9CE6-4522-BF3E-2A923A1B147B}.Release|ARM.Build.0 = Release|Any CPU
		{48285AE7-9CE6-4522-BF3E-2A923A1B147B}.Release|ARM.Deploy.0 = Release|Any CPU
		{48285AE7-9CE6-4522-BF3E-2A923A1B147B}.Release|iPhone.ActiveCfg = Release|Any CPU
		{48285AE7-9CE6-4522-BF3E-2A923A1B147B}.Release|iPhone.Build.0 = Release|Any CPU
		{48285AE7-9CE6-4522-BF3E-2A923A1B147B}.Release|iPhone.Deploy.0 = Release|Any CPU
		{48285AE7-9CE6-4522-BF3E-2A923A1B147B}.Release|iPhoneSimulator.ActiveCfg = Release|Any CPU
		{48285AE7-9CE6-4522-BF3E-2A923A1B147B}.Release|iPhoneSimulator.Build.0 = Release|Any CPU
		{48285AE7-9CE6-4522-BF3E-2A923A1B147B}.Release|iPhoneSimulator.Deploy.0 = Release|Any CPU
		{48285AE7-9CE6-4522-BF3E-2A923A1B147B}.Release|x64.ActiveCfg = Release|Any CPU
		{48285AE7-9CE6-4522-BF3E-2A923A1B147B}.Release|x64.Build.0 = Release|Any CPU
		{48285AE7-9CE6-4522-BF3E-2A923A1B147B}.Release|x64.Deploy.0 = Release|Any CPU
		{48285AE7-9CE6-4522-BF3E-2A923A1B147B}.Release|x86.ActiveCfg = Release|Any CPU
		{48285AE7-9CE6-4522-BF3E-2A923A1B147B}.Release|x86.Build.0 = Release|Any CPU
		{48285AE7-9CE6-4522-BF3E-2A923A1B147B}.Release|x86.Deploy.0 = Release|Any CPU
		{965EDAF5-CED7-4C69-8298-8A5A824A083D}.Ad-Hoc|Any CPU.ActiveCfg = Ad-Hoc|iPhone
		{965EDAF5-CED7-4C69-8298-8A5A824A083D}.Ad-Hoc|ARM.ActiveCfg = Ad-Hoc|iPhone
		{965EDAF5-CED7-4C69-8298-8A5A824A083D}.Ad-Hoc|iPhone.ActiveCfg = Ad-Hoc|iPhone
		{965EDAF5-CED7-4C69-8298-8A5A824A083D}.Ad-Hoc|iPhone.Build.0 = Ad-Hoc|iPhone
		{965EDAF5-CED7-4C69-8298-8A5A824A083D}.Ad-Hoc|iPhoneSimulator.ActiveCfg = Ad-Hoc|iPhoneSimulator
		{965EDAF5-CED7-4C69-8298-8A5A824A083D}.Ad-Hoc|iPhoneSimulator.Build.0 = Ad-Hoc|iPhoneSimulator
		{965EDAF5-CED7-4C69-8298-8A5A824A083D}.Ad-Hoc|x64.ActiveCfg = Ad-Hoc|iPhone
		{965EDAF5-CED7-4C69-8298-8A5A824A083D}.Ad-Hoc|x86.ActiveCfg = Ad-Hoc|iPhone
		{965EDAF5-CED7-4C69-8298-8A5A824A083D}.AppStore|Any CPU.ActiveCfg = AppStore|iPhone
		{965EDAF5-CED7-4C69-8298-8A5A824A083D}.AppStore|ARM.ActiveCfg = AppStore|iPhone
		{965EDAF5-CED7-4C69-8298-8A5A824A083D}.AppStore|iPhone.ActiveCfg = AppStore|iPhone
		{965EDAF5-CED7-4C69-8298-8A5A824A083D}.AppStore|iPhone.Build.0 = AppStore|iPhone
		{965EDAF5-CED7-4C69-8298-8A5A824A083D}.AppStore|iPhoneSimulator.ActiveCfg = AppStore|iPhoneSimulator
		{965EDAF5-CED7-4C69-8298-8A5A824A083D}.AppStore|iPhoneSimulator.Build.0 = AppStore|iPhoneSimulator
		{965EDAF5-CED7-4C69-8298-8A5A824A083D}.AppStore|x64.ActiveCfg = AppStore|iPhone
		{965EDAF5-CED7-4C69-8298-8A5A824A083D}.AppStore|x86.ActiveCfg = AppStore|iPhone
		{965EDAF5-CED7-4C69-8298-8A5A824A083D}.Debug|Any CPU.ActiveCfg = Debug|iPhone
		{965EDAF5-CED7-4C69-8298-8A5A824A083D}.Debug|ARM.ActiveCfg = Debug|iPhone
		{965EDAF5-CED7-4C69-8298-8A5A824A083D}.Debug|iPhone.ActiveCfg = Debug|iPhone
		{965EDAF5-CED7-4C69-8298-8A5A824A083D}.Debug|iPhone.Build.0 = Debug|iPhone
		{965EDAF5-CED7-4C69-8298-8A5A824A083D}.Debug|iPhoneSimulator.ActiveCfg = Debug|iPhoneSimulator
		{965EDAF5-CED7-4C69-8298-8A5A824A083D}.Debug|iPhoneSimulator.Build.0 = Debug|iPhoneSimulator
		{965EDAF5-CED7-4C69-8298-8A5A824A083D}.Debug|x64.ActiveCfg = Debug|iPhone
		{965EDAF5-CED7-4C69-8298-8A5A824A083D}.Debug|x86.ActiveCfg = Debug|iPhone
		{965EDAF5-CED7-4C69-8298-8A5A824A083D}.Release|Any CPU.ActiveCfg = Release|iPhone
		{965EDAF5-CED7-4C69-8298-8A5A824A083D}.Release|ARM.ActiveCfg = Release|iPhone
		{965EDAF5-CED7-4C69-8298-8A5A824A083D}.Release|iPhone.ActiveCfg = Release|iPhone
		{965EDAF5-CED7-4C69-8298-8A5A824A083D}.Release|iPhone.Build.0 = Release|iPhone
		{965EDAF5-CED7-4C69-8298-8A5A824A083D}.Release|iPhoneSimulator.ActiveCfg = Release|iPhoneSimulator
		{965EDAF5-CED7-4C69-8298-8A5A824A083D}.Release|iPhoneSimulator.Build.0 = Release|iPhoneSimulator
		{965EDAF5-CED7-4C69-8298-8A5A824A083D}.Release|x64.ActiveCfg = Release|iPhone
		{965EDAF5-CED7-4C69-8298-8A5A824A083D}.Release|x86.ActiveCfg = Release|iPhone
		{41F252CF-15B4-4B7F-BB28-8DB6AA0FAB26}.Ad-Hoc|Any CPU.ActiveCfg = Release|x86
		{41F252CF-15B4-4B7F-BB28-8DB6AA0FAB26}.Ad-Hoc|Any CPU.Build.0 = Release|x86
		{41F252CF-15B4-4B7F-BB28-8DB6AA0FAB26}.Ad-Hoc|Any CPU.Deploy.0 = Release|x86
		{41F252CF-15B4-4B7F-BB28-8DB6AA0FAB26}.Ad-Hoc|ARM.ActiveCfg = Release|ARM
		{41F252CF-15B4-4B7F-BB28-8DB6AA0FAB26}.Ad-Hoc|ARM.Build.0 = Release|ARM
		{41F252CF-15B4-4B7F-BB28-8DB6AA0FAB26}.Ad-Hoc|ARM.Deploy.0 = Release|ARM
		{41F252CF-15B4-4B7F-BB28-8DB6AA0FAB26}.Ad-Hoc|iPhone.ActiveCfg = Release|x86
		{41F252CF-15B4-4B7F-BB28-8DB6AA0FAB26}.Ad-Hoc|iPhone.Build.0 = Release|x86
		{41F252CF-15B4-4B7F-BB28-8DB6AA0FAB26}.Ad-Hoc|iPhone.Deploy.0 = Release|x86
		{41F252CF-15B4-4B7F-BB28-8DB6AA0FAB26}.Ad-Hoc|iPhoneSimulator.ActiveCfg = Release|x86
		{41F252CF-15B4-4B7F-BB28-8DB6AA0FAB26}.Ad-Hoc|iPhoneSimulator.Build.0 = Release|x86
		{41F252CF-15B4-4B7F-BB28-8DB6AA0FAB26}.Ad-Hoc|iPhoneSimulator.Deploy.0 = Release|x86
		{41F252CF-15B4-4B7F-BB28-8DB6AA0FAB26}.Ad-Hoc|x64.ActiveCfg = Release|x64
		{41F252CF-15B4-4B7F-BB28-8DB6AA0FAB26}.Ad-Hoc|x64.Build.0 = Release|x64
		{41F252CF-15B4-4B7F-BB28-8DB6AA0FAB26}.Ad-Hoc|x64.Deploy.0 = Release|x64
		{41F252CF-15B4-4B7F-BB28-8DB6AA0FAB26}.Ad-Hoc|x86.ActiveCfg = Release|x86
		{41F252CF-15B4-4B7F-BB28-8DB6AA0FAB26}.Ad-Hoc|x86.Build.0 = Release|x86
		{41F252CF-15B4-4B7F-BB28-8DB6AA0FAB26}.Ad-Hoc|x86.Deploy.0 = Release|x86
		{41F252CF-15B4-4B7F-BB28-8DB6AA0FAB26}.AppStore|Any CPU.ActiveCfg = Release|x86
		{41F252CF-15B4-4B7F-BB28-8DB6AA0FAB26}.AppStore|Any CPU.Build.0 = Release|x86
		{41F252CF-15B4-4B7F-BB28-8DB6AA0FAB26}.AppStore|Any CPU.Deploy.0 = Release|x86
		{41F252CF-15B4-4B7F-BB28-8DB6AA0FAB26}.AppStore|ARM.ActiveCfg = Release|ARM
		{41F252CF-15B4-4B7F-BB28-8DB6AA0FAB26}.AppStore|ARM.Build.0 = Release|ARM
		{41F252CF-15B4-4B7F-BB28-8DB6AA0FAB26}.AppStore|ARM.Deploy.0 = Release|ARM
		{41F252CF-15B4-4B7F-BB28-8DB6AA0FAB26}.AppStore|iPhone.ActiveCfg = Release|x86
		{41F252CF-15B4-4B7F-BB28-8DB6AA0FAB26}.AppStore|iPhone.Build.0 = Release|x86
		{41F252CF-15B4-4B7F-BB28-8DB6AA0FAB26}.AppStore|iPhone.Deploy.0 = Release|x86
		{41F252CF-15B4-4B7F-BB28-8DB6AA0FAB26}.AppStore|iPhoneSimulator.ActiveCfg = Release|x86
		{41F252CF-15B4-4B7F-BB28-8DB6AA0FAB26}.AppStore|iPhoneSimulator.Build.0 = Release|x86
		{41F252CF-15B4-4B7F-BB28-8DB6AA0FAB26}.AppStore|iPhoneSimulator.Deploy.0 = Release|x86
		{41F252CF-15B4-4B7F-BB28-8DB6AA0FAB26}.AppStore|x64.ActiveCfg = Release|x64
		{41F252CF-15B4-4B7F-BB28-8DB6AA0FAB26}.AppStore|x64.Build.0 = Release|x64
		{41F252CF-15B4-4B7F-BB28-8DB6AA0FAB26}.AppStore|x64.Deploy.0 = Release|x64
		{41F252CF-15B4-4B7F-BB28-8DB6AA0FAB26}.AppStore|x86.ActiveCfg = Release|x86
		{41F252CF-15B4-4B7F-BB28-8DB6AA0FAB26}.AppStore|x86.Build.0 = Release|x86
		{41F252CF-15B4-4B7F-BB28-8DB6AA0FAB26}.AppStore|x86.Deploy.0 = Release|x86
		{41F252CF-15B4-4B7F-BB28-8DB6AA0FAB26}.Debug|Any CPU.ActiveCfg = Debug|x86
		{41F252CF-15B4-4B7F-BB28-8DB6AA0FAB26}.Debug|ARM.ActiveCfg = Debug|ARM
		{41F252CF-15B4-4B7F-BB28-8DB6AA0FAB26}.Debug|ARM.Build.0 = Debug|ARM
		{41F252CF-15B4-4B7F-BB28-8DB6AA0FAB26}.Debug|ARM.Deploy.0 = Debug|ARM
		{41F252CF-15B4-4B7F-BB28-8DB6AA0FAB26}.Debug|iPhone.ActiveCfg = Debug|x86
		{41F252CF-15B4-4B7F-BB28-8DB6AA0FAB26}.Debug|iPhoneSimulator.ActiveCfg = Debug|x86
		{41F252CF-15B4-4B7F-BB28-8DB6AA0FAB26}.Debug|x64.ActiveCfg = Debug|x64
		{41F252CF-15B4-4B7F-BB28-8DB6AA0FAB26}.Debug|x64.Build.0 = Debug|x64
		{41F252CF-15B4-4B7F-BB28-8DB6AA0FAB26}.Debug|x64.Deploy.0 = Debug|x64
		{41F252CF-15B4-4B7F-BB28-8DB6AA0FAB26}.Debug|x86.ActiveCfg = Debug|x86
		{41F252CF-15B4-4B7F-BB28-8DB6AA0FAB26}.Debug|x86.Build.0 = Debug|x86
		{41F252CF-15B4-4B7F-BB28-8DB6AA0FAB26}.Debug|x86.Deploy.0 = Debug|x86
		{41F252CF-15B4-4B7F-BB28-8DB6AA0FAB26}.Release|Any CPU.ActiveCfg = Release|x86
		{41F252CF-15B4-4B7F-BB28-8DB6AA0FAB26}.Release|ARM.ActiveCfg = Release|ARM
		{41F252CF-15B4-4B7F-BB28-8DB6AA0FAB26}.Release|ARM.Build.0 = Release|ARM
		{41F252CF-15B4-4B7F-BB28-8DB6AA0FAB26}.Release|ARM.Deploy.0 = Release|ARM
		{41F252CF-15B4-4B7F-BB28-8DB6AA0FAB26}.Release|iPhone.ActiveCfg = Release|x86
		{41F252CF-15B4-4B7F-BB28-8DB6AA0FAB26}.Release|iPhoneSimulator.ActiveCfg = Release|x86
		{41F252CF-15B4-4B7F-BB28-8DB6AA0FAB26}.Release|x64.ActiveCfg = Release|x64
		{41F252CF-15B4-4B7F-BB28-8DB6AA0FAB26}.Release|x64.Build.0 = Release|x64
		{41F252CF-15B4-4B7F-BB28-8DB6AA0FAB26}.Release|x64.Deploy.0 = Release|x64
		{41F252CF-15B4-4B7F-BB28-8DB6AA0FAB26}.Release|x86.ActiveCfg = Release|x86
		{41F252CF-15B4-4B7F-BB28-8DB6AA0FAB26}.Release|x86.Build.0 = Release|x86
		{41F252CF-15B4-4B7F-BB28-8DB6AA0FAB26}.Release|x86.Deploy.0 = Release|x86
		{31A01ED3-4F25-40CF-B795-0028D5E9AF47}.Ad-Hoc|Any CPU.ActiveCfg = Release|Any CPU
		{31A01ED3-4F25-40CF-B795-0028D5E9AF47}.Ad-Hoc|Any CPU.Build.0 = Release|Any CPU
		{31A01ED3-4F25-40CF-B795-0028D5E9AF47}.Ad-Hoc|ARM.ActiveCfg = Release|Any CPU
		{31A01ED3-4F25-40CF-B795-0028D5E9AF47}.Ad-Hoc|ARM.Build.0 = Release|Any CPU
		{31A01ED3-4F25-40CF-B795-0028D5E9AF47}.Ad-Hoc|iPhone.ActiveCfg = Release|Any CPU
		{31A01ED3-4F25-40CF-B795-0028D5E9AF47}.Ad-Hoc|iPhone.Build.0 = Release|Any CPU
		{31A01ED3-4F25-40CF-B795-0028D5E9AF47}.Ad-Hoc|iPhoneSimulator.ActiveCfg = Release|Any CPU
		{31A01ED3-4F25-40CF-B795-0028D5E9AF47}.Ad-Hoc|iPhoneSimulator.Build.0 = Release|Any CPU
		{31A01ED3-4F25-40CF-B795-0028D5E9AF47}.Ad-Hoc|x64.ActiveCfg = Release|Any CPU
		{31A01ED3-4F25-40CF-B795-0028D5E9AF47}.Ad-Hoc|x64.Build.0 = Release|Any CPU
		{31A01ED3-4F25-40CF-B795-0028D5E9AF47}.Ad-Hoc|x86.ActiveCfg = Release|Any CPU
		{31A01ED3-4F25-40CF-B795-0028D5E9AF47}.Ad-Hoc|x86.Build.0 = Release|Any CPU
		{31A01ED3-4F25-40CF-B795-0028D5E9AF47}.AppStore|Any CPU.ActiveCfg = Release|Any CPU
		{31A01ED3-4F25-40CF-B795-0028D5E9AF47}.AppStore|Any CPU.Build.0 = Release|Any CPU
		{31A01ED3-4F25-40CF-B795-0028D5E9AF47}.AppStore|ARM.ActiveCfg = Release|Any CPU
		{31A01ED3-4F25-40CF-B795-0028D5E9AF47}.AppStore|ARM.Build.0 = Release|Any CPU
		{31A01ED3-4F25-40CF-B795-0028D5E9AF47}.AppStore|iPhone.ActiveCfg = Release|Any CPU
		{31A01ED3-4F25-40CF-B795-0028D5E9AF47}.AppStore|iPhone.Build.0 = Release|Any CPU
		{31A01ED3-4F25-40CF-B795-0028D5E9AF47}.AppStore|iPhoneSimulator.ActiveCfg = Release|Any CPU
		{31A01ED3-4F25-40CF-B795-0028D5E9AF47}.AppStore|iPhoneSimulator.Build.0 = Release|Any CPU
		{31A01ED3-4F25-40CF-B795-0028D5E9AF47}.AppStore|x64.ActiveCfg = Release|Any CPU
		{31A01ED3-4F25-40CF-B795-0028D5E9AF47}.AppStore|x64.Build.0 = Release|Any CPU
		{31A01ED3-4F25-40CF-B795-0028D5E9AF47}.AppStore|x86.ActiveCfg = Release|Any CPU
		{31A01ED3-4F25-40CF-B795-0028D5E9AF47}.AppStore|x86.Build.0 = Release|Any CPU
		{31A01ED3-4F25-40CF-B795-0028D5E9AF47}.Debug|Any CPU.ActiveCfg = Debug|Any CPU
		{31A01ED3-4F25-40CF-B795-0028D5E9AF47}.Debug|Any CPU.Build.0 = Debug|Any CPU
		{31A01ED3-4F25-40CF-B795-0028D5E9AF47}.Debug|ARM.ActiveCfg = Debug|Any CPU
		{31A01ED3-4F25-40CF-B795-0028D5E9AF47}.Debug|ARM.Build.0 = Debug|Any CPU
		{31A01ED3-4F25-40CF-B795-0028D5E9AF47}.Debug|iPhone.ActiveCfg = Debug|Any CPU
		{31A01ED3-4F25-40CF-B795-0028D5E9AF47}.Debug|iPhone.Build.0 = Debug|Any CPU
		{31A01ED3-4F25-40CF-B795-0028D5E9AF47}.Debug|iPhoneSimulator.ActiveCfg = Debug|Any CPU
		{31A01ED3-4F25-40CF-B795-0028D5E9AF47}.Debug|iPhoneSimulator.Build.0 = Debug|Any CPU
		{31A01ED3-4F25-40CF-B795-0028D5E9AF47}.Debug|x64.ActiveCfg = Debug|Any CPU
		{31A01ED3-4F25-40CF-B795-0028D5E9AF47}.Debug|x64.Build.0 = Debug|Any CPU
		{31A01ED3-4F25-40CF-B795-0028D5E9AF47}.Debug|x86.ActiveCfg = Debug|Any CPU
		{31A01ED3-4F25-40CF-B795-0028D5E9AF47}.Debug|x86.Build.0 = Debug|Any CPU
		{31A01ED3-4F25-40CF-B795-0028D5E9AF47}.Release|Any CPU.ActiveCfg = Release|Any CPU
		{31A01ED3-4F25-40CF-B795-0028D5E9AF47}.Release|Any CPU.Build.0 = Release|Any CPU
		{31A01ED3-4F25-40CF-B795-0028D5E9AF47}.Release|ARM.ActiveCfg = Release|Any CPU
		{31A01ED3-4F25-40CF-B795-0028D5E9AF47}.Release|ARM.Build.0 = Release|Any CPU
		{31A01ED3-4F25-40CF-B795-0028D5E9AF47}.Release|iPhone.ActiveCfg = Release|Any CPU
		{31A01ED3-4F25-40CF-B795-0028D5E9AF47}.Release|iPhone.Build.0 = Release|Any CPU
		{31A01ED3-4F25-40CF-B795-0028D5E9AF47}.Release|iPhoneSimulator.ActiveCfg = Release|Any CPU
		{31A01ED3-4F25-40CF-B795-0028D5E9AF47}.Release|iPhoneSimulator.Build.0 = Release|Any CPU
		{31A01ED3-4F25-40CF-B795-0028D5E9AF47}.Release|x64.ActiveCfg = Release|Any CPU
		{31A01ED3-4F25-40CF-B795-0028D5E9AF47}.Release|x64.Build.0 = Release|Any CPU
		{31A01ED3-4F25-40CF-B795-0028D5E9AF47}.Release|x86.ActiveCfg = Release|Any CPU
		{31A01ED3-4F25-40CF-B795-0028D5E9AF47}.Release|x86.Build.0 = Release|Any CPU
		{A05F40C2-46CE-490E-9BB1-0B0E504C7A84}.Ad-Hoc|Any CPU.ActiveCfg = Release|Any CPU
		{A05F40C2-46CE-490E-9BB1-0B0E504C7A84}.Ad-Hoc|Any CPU.Build.0 = Release|Any CPU
		{A05F40C2-46CE-490E-9BB1-0B0E504C7A84}.Ad-Hoc|ARM.ActiveCfg = Release|Any CPU
		{A05F40C2-46CE-490E-9BB1-0B0E504C7A84}.Ad-Hoc|ARM.Build.0 = Release|Any CPU
		{A05F40C2-46CE-490E-9BB1-0B0E504C7A84}.Ad-Hoc|iPhone.ActiveCfg = Release|Any CPU
		{A05F40C2-46CE-490E-9BB1-0B0E504C7A84}.Ad-Hoc|iPhone.Build.0 = Release|Any CPU
		{A05F40C2-46CE-490E-9BB1-0B0E504C7A84}.Ad-Hoc|iPhoneSimulator.ActiveCfg = Release|Any CPU
		{A05F40C2-46CE-490E-9BB1-0B0E504C7A84}.Ad-Hoc|iPhoneSimulator.Build.0 = Release|Any CPU
		{A05F40C2-46CE-490E-9BB1-0B0E504C7A84}.Ad-Hoc|x64.ActiveCfg = Release|Any CPU
		{A05F40C2-46CE-490E-9BB1-0B0E504C7A84}.Ad-Hoc|x64.Build.0 = Release|Any CPU
		{A05F40C2-46CE-490E-9BB1-0B0E504C7A84}.Ad-Hoc|x86.ActiveCfg = Release|Any CPU
		{A05F40C2-46CE-490E-9BB1-0B0E504C7A84}.Ad-Hoc|x86.Build.0 = Release|Any CPU
		{A05F40C2-46CE-490E-9BB1-0B0E504C7A84}.AppStore|Any CPU.ActiveCfg = Release|Any CPU
		{A05F40C2-46CE-490E-9BB1-0B0E504C7A84}.AppStore|Any CPU.Build.0 = Release|Any CPU
		{A05F40C2-46CE-490E-9BB1-0B0E504C7A84}.AppStore|ARM.ActiveCfg = Release|Any CPU
		{A05F40C2-46CE-490E-9BB1-0B0E504C7A84}.AppStore|ARM.Build.0 = Release|Any CPU
		{A05F40C2-46CE-490E-9BB1-0B0E504C7A84}.AppStore|iPhone.ActiveCfg = Release|Any CPU
		{A05F40C2-46CE-490E-9BB1-0B0E504C7A84}.AppStore|iPhone.Build.0 = Release|Any CPU
		{A05F40C2-46CE-490E-9BB1-0B0E504C7A84}.AppStore|iPhoneSimulator.ActiveCfg = Release|Any CPU
		{A05F40C2-46CE-490E-9BB1-0B0E504C7A84}.AppStore|iPhoneSimulator.Build.0 = Release|Any CPU
		{A05F40C2-46CE-490E-9BB1-0B0E504C7A84}.AppStore|x64.ActiveCfg = Release|Any CPU
		{A05F40C2-46CE-490E-9BB1-0B0E504C7A84}.AppStore|x64.Build.0 = Release|Any CPU
		{A05F40C2-46CE-490E-9BB1-0B0E504C7A84}.AppStore|x86.ActiveCfg = Release|Any CPU
		{A05F40C2-46CE-490E-9BB1-0B0E504C7A84}.AppStore|x86.Build.0 = Release|Any CPU
		{A05F40C2-46CE-490E-9BB1-0B0E504C7A84}.Debug|Any CPU.ActiveCfg = Debug|Any CPU
		{A05F40C2-46CE-490E-9BB1-0B0E504C7A84}.Debug|Any CPU.Build.0 = Debug|Any CPU
		{A05F40C2-46CE-490E-9BB1-0B0E504C7A84}.Debug|ARM.ActiveCfg = Debug|Any CPU
		{A05F40C2-46CE-490E-9BB1-0B0E504C7A84}.Debug|ARM.Build.0 = Debug|Any CPU
		{A05F40C2-46CE-490E-9BB1-0B0E504C7A84}.Debug|iPhone.ActiveCfg = Debug|Any CPU
		{A05F40C2-46CE-490E-9BB1-0B0E504C7A84}.Debug|iPhone.Build.0 = Debug|Any CPU
		{A05F40C2-46CE-490E-9BB1-0B0E504C7A84}.Debug|iPhoneSimulator.ActiveCfg = Debug|Any CPU
		{A05F40C2-46CE-490E-9BB1-0B0E504C7A84}.Debug|iPhoneSimulator.Build.0 = Debug|Any CPU
		{A05F40C2-46CE-490E-9BB1-0B0E504C7A84}.Debug|x64.ActiveCfg = Debug|Any CPU
		{A05F40C2-46CE-490E-9BB1-0B0E504C7A84}.Debug|x64.Build.0 = Debug|Any CPU
		{A05F40C2-46CE-490E-9BB1-0B0E504C7A84}.Debug|x86.ActiveCfg = Debug|Any CPU
		{A05F40C2-46CE-490E-9BB1-0B0E504C7A84}.Debug|x86.Build.0 = Debug|Any CPU
		{A05F40C2-46CE-490E-9BB1-0B0E504C7A84}.Release|Any CPU.ActiveCfg = Release|Any CPU
		{A05F40C2-46CE-490E-9BB1-0B0E504C7A84}.Release|Any CPU.Build.0 = Release|Any CPU
		{A05F40C2-46CE-490E-9BB1-0B0E504C7A84}.Release|ARM.ActiveCfg = Release|Any CPU
		{A05F40C2-46CE-490E-9BB1-0B0E504C7A84}.Release|ARM.Build.0 = Release|Any CPU
		{A05F40C2-46CE-490E-9BB1-0B0E504C7A84}.Release|iPhone.ActiveCfg = Release|Any CPU
		{A05F40C2-46CE-490E-9BB1-0B0E504C7A84}.Release|iPhone.Build.0 = Release|Any CPU
		{A05F40C2-46CE-490E-9BB1-0B0E504C7A84}.Release|iPhoneSimulator.ActiveCfg = Release|Any CPU
		{A05F40C2-46CE-490E-9BB1-0B0E504C7A84}.Release|iPhoneSimulator.Build.0 = Release|Any CPU
		{A05F40C2-46CE-490E-9BB1-0B0E504C7A84}.Release|x64.ActiveCfg = Release|Any CPU
		{A05F40C2-46CE-490E-9BB1-0B0E504C7A84}.Release|x64.Build.0 = Release|Any CPU
		{A05F40C2-46CE-490E-9BB1-0B0E504C7A84}.Release|x86.ActiveCfg = Release|Any CPU
		{A05F40C2-46CE-490E-9BB1-0B0E504C7A84}.Release|x86.Build.0 = Release|Any CPU
	EndGlobalSection
	GlobalSection(SolutionProperties) = preSolution
		HideSolutionNode = FALSE
	EndGlobalSection
	GlobalSection(NestedProjects) = preSolution
		{1D94EF99-81C5-4378-BADB-FF7A7DDFA5AA} = {CF769A01-37CE-4166-9020-4C57F142A9C3}
		{1AE1C526-4954-4853-8C4E-C7DDF042B6D9} = {73B1DA9A-2A66-4FA0-AECB-C2D452C03822}
		{4CF46CE3-C4A9-47B0-89E0-E080E63C70E7} = {73B1DA9A-2A66-4FA0-AECB-C2D452C03822}
		{700BC319-66CE-455E-9680-20E4489062AE} = {CE9895C7-35F3-44B8-A470-2E96030526E4}
		{48285AE7-9CE6-4522-BF3E-2A923A1B147B} = {CE9895C7-35F3-44B8-A470-2E96030526E4}
		{965EDAF5-CED7-4C69-8298-8A5A824A083D} = {CE9895C7-35F3-44B8-A470-2E96030526E4}
		{41F252CF-15B4-4B7F-BB28-8DB6AA0FAB26} = {CE9895C7-35F3-44B8-A470-2E96030526E4}
		{31A01ED3-4F25-40CF-B795-0028D5E9AF47} = {73B1DA9A-2A66-4FA0-AECB-C2D452C03822}
		{A05F40C2-46CE-490E-9BB1-0B0E504C7A84} = {73B1DA9A-2A66-4FA0-AECB-C2D452C03822}
	EndGlobalSection
	GlobalSection(ExtensibilityGlobals) = postSolution
		SolutionGuid = {5503F0E1-1F6E-4913-B635-C5895400FEA1}
	EndGlobalSection
EndGlobal
